
Microsoft Visual Studio Solution File, Format Version 12.00
# Visual Studio Version 16
VisualStudioVersion = 16.0.31829.152
MinimumVisualStudioVersion = 10.0.40219.1
Project("{9A19103F-16F7-4668-BE54-9A1E7A4F7556}") = "DBD-Exam-Project", "DBD-Exam-Project\DBD-Exam-Project.csproj", "{6F403E0A-B5FB-41F9-9F9D-14A0E56136C2}"
EndProject
Project("{FAE04EC0-301F-11D3-BF4B-00C04F79EFBC}") = "lib", "lib\lib.csproj", "{881CD67F-9BC1-48BE-94CC-E0B4F80C9076}"
EndProject
Global
	GlobalSection(SolutionConfigurationPlatforms) = preSolution
		Debug|Any CPU = Debug|Any CPU
		Release|Any CPU = Release|Any CPU
	EndGlobalSection
	GlobalSection(ProjectConfigurationPlatforms) = postSolution
		{6F403E0A-B5FB-41F9-9F9D-14A0E56136C2}.Debug|Any CPU.ActiveCfg = Debug|Any CPU
		{6F403E0A-B5FB-41F9-9F9D-14A0E56136C2}.Debug|Any CPU.Build.0 = Debug|Any CPU
		{6F403E0A-B5FB-41F9-9F9D-14A0E56136C2}.Release|Any CPU.ActiveCfg = Release|Any CPU
		{6F403E0A-B5FB-41F9-9F9D-14A0E56136C2}.Release|Any CPU.Build.0 = Release|Any CPU
		{881CD67F-9BC1-48BE-94CC-E0B4F80C9076}.Debug|Any CPU.ActiveCfg = Debug|Any CPU
		{881CD67F-9BC1-48BE-94CC-E0B4F80C9076}.Debug|Any CPU.Build.0 = Debug|Any CPU
		{881CD67F-9BC1-48BE-94CC-E0B4F80C9076}.Release|Any CPU.ActiveCfg = Release|Any CPU
		{881CD67F-9BC1-48BE-94CC-E0B4F80C9076}.Release|Any CPU.Build.0 = Release|Any CPU
	EndGlobalSection
	GlobalSection(SolutionProperties) = preSolution
		HideSolutionNode = FALSE
	EndGlobalSection
	GlobalSection(ExtensibilityGlobals) = postSolution
		SolutionGuid = {711B427A-7E03-4056-807D-DAB8A8177A63}
	EndGlobalSection
EndGlobal
