Microsoft Visual Studio Solution File, Format Version 12.00
# Visual Studio Version 17
VisualStudioVersion = 17.1.32407.343
MinimumVisualStudioVersion = 10.0.40219.1
Project("{9A19103F-16F7-4668-BE54-9A1E7A4F7556}") = "lib", "lib\lib.csproj", "{881CD67F-9BC1-48BE-94CC-E0B4F80C9076}"
EndProject
Project("{9A19103F-16F7-4668-BE54-9A1E7A4F7556}") = "CronJobService", "CronJobService\CronJobService.csproj", "{CB5FE4F2-D15C-4D79-8BC8-E515017A9F3F}"
EndProject
Project("{9A19103F-16F7-4668-BE54-9A1E7A4F7556}") = "MailService", "MailService\MailService.csproj", "{6BC26914-408D-49AE-8D60-50D2D7B85382}"
EndProject
Project("{9A19103F-16F7-4668-BE54-9A1E7A4F7556}") = "TestDataAPI", "TestDataAPI\TestDataAPI.csproj", "{35E4B0EF-B093-43D0-BE18-9DD633D7769A}"
EndProject
Project("{9A19103F-16F7-4668-BE54-9A1E7A4F7556}") = "ConsultationService", "ConsultationService\ConsultationService.csproj", "{1FE07A2F-CC7D-4749-B615-2897DD4E1D45}"
EndProject
Project("{9A19103F-16F7-4668-BE54-9A1E7A4F7556}") = "Neo4JDataSupplier", "Neo4JDataSupplier\Neo4JDataSupplier.csproj", "{EEA48026-F6BF-448F-92C6-836DB77D52A9}"
EndProject
Project("{9A19103F-16F7-4668-BE54-9A1E7A4F7556}") = "PrescriptionService", "PrescriptionService\PrescriptionService.csproj", "{6F433A28-7B0A-4021-BD44-563E3ED9D140}"
EndProject
Project("{9A19103F-16F7-4668-BE54-9A1E7A4F7556}") = "Frontend", "Frontend\Frontend.csproj", "{C56831F5-5019-4028-8639-81FE40233E36}"
EndProject
Project("{9A19103F-16F7-4668-BE54-9A1E7A4F7556}") = "Neo4jDataAnalyzer", "Neo4jDataAnalyzer\Neo4jDataAnalyzer.csproj", "{C7539FB7-4471-4E86-A8D1-2DFE5B454F0A}"
EndProject
Global
	GlobalSection(SolutionConfigurationPlatforms) = preSolution
		Debug|Any CPU = Debug|Any CPU
		Release|Any CPU = Release|Any CPU
	EndGlobalSection
	GlobalSection(ProjectConfigurationPlatforms) = postSolution
		{881CD67F-9BC1-48BE-94CC-E0B4F80C9076}.Debug|Any CPU.ActiveCfg = Debug|Any CPU
		{881CD67F-9BC1-48BE-94CC-E0B4F80C9076}.Debug|Any CPU.Build.0 = Debug|Any CPU
		{881CD67F-9BC1-48BE-94CC-E0B4F80C9076}.Release|Any CPU.ActiveCfg = Release|Any CPU
		{881CD67F-9BC1-48BE-94CC-E0B4F80C9076}.Release|Any CPU.Build.0 = Release|Any CPU
		{CB5FE4F2-D15C-4D79-8BC8-E515017A9F3F}.Debug|Any CPU.ActiveCfg = Debug|Any CPU
		{CB5FE4F2-D15C-4D79-8BC8-E515017A9F3F}.Debug|Any CPU.Build.0 = Debug|Any CPU
		{CB5FE4F2-D15C-4D79-8BC8-E515017A9F3F}.Release|Any CPU.ActiveCfg = Release|Any CPU
		{CB5FE4F2-D15C-4D79-8BC8-E515017A9F3F}.Release|Any CPU.Build.0 = Release|Any CPU
		{6BC26914-408D-49AE-8D60-50D2D7B85382}.Debug|Any CPU.ActiveCfg = Debug|Any CPU
		{6BC26914-408D-49AE-8D60-50D2D7B85382}.Debug|Any CPU.Build.0 = Debug|Any CPU
		{6BC26914-408D-49AE-8D60-50D2D7B85382}.Release|Any CPU.ActiveCfg = Release|Any CPU
		{6BC26914-408D-49AE-8D60-50D2D7B85382}.Release|Any CPU.Build.0 = Release|Any CPU
		{35E4B0EF-B093-43D0-BE18-9DD633D7769A}.Debug|Any CPU.ActiveCfg = Debug|Any CPU
		{35E4B0EF-B093-43D0-BE18-9DD633D7769A}.Debug|Any CPU.Build.0 = Debug|Any CPU
		{35E4B0EF-B093-43D0-BE18-9DD633D7769A}.Release|Any CPU.ActiveCfg = Release|Any CPU
		{35E4B0EF-B093-43D0-BE18-9DD633D7769A}.Release|Any CPU.Build.0 = Release|Any CPU
		{1FE07A2F-CC7D-4749-B615-2897DD4E1D45}.Debug|Any CPU.ActiveCfg = Debug|Any CPU
		{1FE07A2F-CC7D-4749-B615-2897DD4E1D45}.Debug|Any CPU.Build.0 = Debug|Any CPU
		{1FE07A2F-CC7D-4749-B615-2897DD4E1D45}.Release|Any CPU.ActiveCfg = Release|Any CPU
		{1FE07A2F-CC7D-4749-B615-2897DD4E1D45}.Release|Any CPU.Build.0 = Release|Any CPU
		{EEA48026-F6BF-448F-92C6-836DB77D52A9}.Debug|Any CPU.ActiveCfg = Debug|Any CPU
		{EEA48026-F6BF-448F-92C6-836DB77D52A9}.Debug|Any CPU.Build.0 = Debug|Any CPU
		{EEA48026-F6BF-448F-92C6-836DB77D52A9}.Release|Any CPU.ActiveCfg = Release|Any CPU
		{EEA48026-F6BF-448F-92C6-836DB77D52A9}.Release|Any CPU.Build.0 = Release|Any CPU
		{6F433A28-7B0A-4021-BD44-563E3ED9D140}.Debug|Any CPU.ActiveCfg = Debug|Any CPU
		{6F433A28-7B0A-4021-BD44-563E3ED9D140}.Debug|Any CPU.Build.0 = Debug|Any CPU
		{6F433A28-7B0A-4021-BD44-563E3ED9D140}.Release|Any CPU.ActiveCfg = Release|Any CPU
		{6F433A28-7B0A-4021-BD44-563E3ED9D140}.Release|Any CPU.Build.0 = Release|Any CPU
		{C56831F5-5019-4028-8639-81FE40233E36}.Debug|Any CPU.ActiveCfg = Debug|Any CPU
		{C56831F5-5019-4028-8639-81FE40233E36}.Debug|Any CPU.Build.0 = Debug|Any CPU
		{C56831F5-5019-4028-8639-81FE40233E36}.Release|Any CPU.ActiveCfg = Release|Any CPU
		{C56831F5-5019-4028-8639-81FE40233E36}.Release|Any CPU.Build.0 = Release|Any CPU
		{C7539FB7-4471-4E86-A8D1-2DFE5B454F0A}.Debug|Any CPU.ActiveCfg = Debug|Any CPU
		{C7539FB7-4471-4E86-A8D1-2DFE5B454F0A}.Debug|Any CPU.Build.0 = Debug|Any CPU
		{C7539FB7-4471-4E86-A8D1-2DFE5B454F0A}.Release|Any CPU.ActiveCfg = Release|Any CPU
		{C7539FB7-4471-4E86-A8D1-2DFE5B454F0A}.Release|Any CPU.Build.0 = Release|Any CPU
	EndGlobalSection
	GlobalSection(SolutionProperties) = preSolution
		HideSolutionNode = FALSE
	EndGlobalSection
	GlobalSection(ExtensibilityGlobals) = postSolution
		SolutionGuid = {711B427A-7E03-4056-807D-DAB8A8177A63}
	EndGlobalSection
EndGlobal
